
Microsoft Visual Studio Solution File, Format Version 12.00
# Visual Studio Version 17
VisualStudioVersion = 17.10.35027.167
MinimumVisualStudioVersion = 10.0.40219.1
Project("{FAE04EC0-301F-11D3-BF4B-00C04F79EFBC}") = "MediaPlayer", "MediaPlayer\MediaPlayer.csproj", "{7B913A99-C2C0-4AAF-B2CB-F0131A0269F5}"
EndProject
Global
	GlobalSection(SolutionConfigurationPlatforms) = preSolution
		Debug|Any CPU = Debug|Any CPU
		Release|Any CPU = Release|Any CPU
	EndGlobalSection
	GlobalSection(ProjectConfigurationPlatforms) = postSolution
		{7B913A99-C2C0-4AAF-B2CB-F0131A0269F5}.Debug|Any CPU.ActiveCfg = Debug|Any CPU
		{7B913A99-C2C0-4AAF-B2CB-F0131A0269F5}.Debug|Any CPU.Build.0 = Debug|Any CPU
		{7B913A99-C2C0-4AAF-B2CB-F0131A0269F5}.Release|Any CPU.ActiveCfg = Release|Any CPU
		{7B913A99-C2C0-4AAF-B2CB-F0131A0269F5}.Release|Any CPU.Build.0 = Release|Any CPU
	EndGlobalSection
	GlobalSection(SolutionProperties) = preSolution
		HideSolutionNode = FALSE
	EndGlobalSection
	GlobalSection(ExtensibilityGlobals) = postSolution
		SolutionGuid = {8E55C0F8-6C9C-4AE6-9AE4-FB5BC7D87F81}
	EndGlobalSection
EndGlobal
