
Microsoft Visual Studio Solution File, Format Version 12.00
Project("{FAE04EC0-301F-11D3-BF4B-00C04F79EFBC}") = "ToDo", "ToDo\ToDo.csproj", "{D3AC399C-1903-4413-BE21-0E0E50C7D6B8}"
EndProject
Project("{FAE04EC0-301F-11D3-BF4B-00C04F79EFBC}") = "ToDo.Tests", "ToDo.Tests\ToDo.Tests.csproj", "{4AED23D0-766C-4497-A750-B83085C82AEF}"
EndProject
Global
	GlobalSection(SolutionConfigurationPlatforms) = preSolution
		Debug|Any CPU = Debug|Any CPU
		Release|Any CPU = Release|Any CPU
	EndGlobalSection
	GlobalSection(ProjectConfigurationPlatforms) = postSolution
		{D3AC399C-1903-4413-BE21-0E0E50C7D6B8}.Debug|Any CPU.ActiveCfg = Debug|Any CPU
		{D3AC399C-1903-4413-BE21-0E0E50C7D6B8}.Debug|Any CPU.Build.0 = Debug|Any CPU
		{D3AC399C-1903-4413-BE21-0E0E50C7D6B8}.Release|Any CPU.ActiveCfg = Release|Any CPU
		{D3AC399C-1903-4413-BE21-0E0E50C7D6B8}.Release|Any CPU.Build.0 = Release|Any CPU
		{4AED23D0-766C-4497-A750-B83085C82AEF}.Debug|Any CPU.ActiveCfg = Debug|Any CPU
		{4AED23D0-766C-4497-A750-B83085C82AEF}.Debug|Any CPU.Build.0 = Debug|Any CPU
		{4AED23D0-766C-4497-A750-B83085C82AEF}.Release|Any CPU.ActiveCfg = Release|Any CPU
		{4AED23D0-766C-4497-A750-B83085C82AEF}.Release|Any CPU.Build.0 = Release|Any CPU
	EndGlobalSection
EndGlobal
