
Microsoft Visual Studio Solution File, Format Version 12.00
Project("{FAE04EC0-301F-11D3-BF4B-00C04F79EFBC}") = "PracticeC", "PracticeC\PracticeC.csproj", "{0B4E3A1F-77FC-4C3D-98EE-4C8644C9018C}"
EndProject
Global
	GlobalSection(SolutionConfigurationPlatforms) = preSolution
		Debug|Any CPU = Debug|Any CPU
		Release|Any CPU = Release|Any CPU
	EndGlobalSection
	GlobalSection(ProjectConfigurationPlatforms) = postSolution
		{0B4E3A1F-77FC-4C3D-98EE-4C8644C9018C}.Debug|Any CPU.ActiveCfg = Debug|Any CPU
		{0B4E3A1F-77FC-4C3D-98EE-4C8644C9018C}.Debug|Any CPU.Build.0 = Debug|Any CPU
		{0B4E3A1F-77FC-4C3D-98EE-4C8644C9018C}.Release|Any CPU.ActiveCfg = Release|Any CPU
		{0B4E3A1F-77FC-4C3D-98EE-4C8644C9018C}.Release|Any CPU.Build.0 = Release|Any CPU
	EndGlobalSection
EndGlobal
