
Microsoft Visual Studio Solution File, Format Version 12.00
Project("{FAE04EC0-301F-11D3-BF4B-00C04F79EFBC}") = "Notes", "Notes\Notes.csproj", "{DA410319-91DB-4293-98A9-281D434E9741}"
EndProject
Global
	GlobalSection(SolutionConfigurationPlatforms) = preSolution
		Debug|Any CPU = Debug|Any CPU
		Release|Any CPU = Release|Any CPU
	EndGlobalSection
	GlobalSection(ProjectConfigurationPlatforms) = postSolution
		{DA410319-91DB-4293-98A9-281D434E9741}.Debug|Any CPU.ActiveCfg = Debug|Any CPU
		{DA410319-91DB-4293-98A9-281D434E9741}.Debug|Any CPU.Build.0 = Debug|Any CPU
		{DA410319-91DB-4293-98A9-281D434E9741}.Release|Any CPU.ActiveCfg = Release|Any CPU
		{DA410319-91DB-4293-98A9-281D434E9741}.Release|Any CPU.Build.0 = Release|Any CPU
	EndGlobalSection
EndGlobal
