
Microsoft Visual Studio Solution File, Format Version 12.00
# Visual Studio Version 17
VisualStudioVersion = 17.5.002.0
MinimumVisualStudioVersion = 10.0.40219.1
Project("{9A19103F-16F7-4668-BE54-9A1E7A4F7556}") = "Example", "Example.csproj", "{FF8E50AB-49D3-4CC6-B347-3530374E9936}"
EndProject
Global
	GlobalSection(SolutionConfigurationPlatforms) = preSolution
		Debug|Any CPU = Debug|Any CPU
		Release|Any CPU = Release|Any CPU
	EndGlobalSection
	GlobalSection(ProjectConfigurationPlatforms) = postSolution
		{FF8E50AB-49D3-4CC6-B347-3530374E9936}.Debug|Any CPU.ActiveCfg = Debug|Any CPU
		{FF8E50AB-49D3-4CC6-B347-3530374E9936}.Debug|Any CPU.Build.0 = Debug|Any CPU
		{FF8E50AB-49D3-4CC6-B347-3530374E9936}.Release|Any CPU.ActiveCfg = Release|Any CPU
		{FF8E50AB-49D3-4CC6-B347-3530374E9936}.Release|Any CPU.Build.0 = Release|Any CPU
	EndGlobalSection
	GlobalSection(SolutionProperties) = preSolution
		HideSolutionNode = FALSE
	EndGlobalSection
	GlobalSection(ExtensibilityGlobals) = postSolution
		SolutionGuid = {3A6E66C5-769B-4ED6-A03F-671B920BA596}
	EndGlobalSection
EndGlobal
